PODS:
  - EZSwiftExtensions (0.7)
  - Notie (0.1.0):
    - EZSwiftExtensions

DEPENDENCIES:
  - Notie (from `..`)

EXTERNAL SOURCES:
  Notie:
    :path: ".."

SPEC CHECKSUMS:
  EZSwiftExtensions: cd92500087ce57f4fa55996647690d6ab512b416
  Notie: 47f6992cc982b5b03d01403e7d5b64a258fcb2be

COCOAPODS: 0.39.0
